
Microsoft Visual Studio Solution File, Format Version 12.00
# Visual Studio Version 17
VisualStudioVersion = 17.2.32630.192
MinimumVisualStudioVersion = 10.0.40219.1
Project("{9A19103F-16F7-4668-BE54-9A1E7A4F7556}") = "api", "api.csproj", "{212378A1-282E-494F-AA96-0B631DBABDEE}"
EndProject
Global
	GlobalSection(SolutionConfigurationPlatforms) = preSolution
		Debug|Any CPU = Debug|Any CPU
		Release|Any CPU = Release|Any CPU
	EndGlobalSection
	GlobalSection(ProjectConfigurationPlatforms) = postSolution
		{212378A1-282E-494F-AA96-0B631DBABDEE}.Debug|Any CPU.ActiveCfg = Debug|Any CPU
		{212378A1-282E-494F-AA96-0B631DBABDEE}.Debug|Any CPU.Build.0 = Debug|Any CPU
		{212378A1-282E-494F-AA96-0B631DBABDEE}.Release|Any CPU.ActiveCfg = Release|Any CPU
		{212378A1-282E-494F-AA96-0B631DBABDEE}.Release|Any CPU.Build.0 = Release|Any CPU
	EndGlobalSection
	GlobalSection(SolutionProperties) = preSolution
		HideSolutionNode = FALSE
	EndGlobalSection
	GlobalSection(ExtensibilityGlobals) = postSolution
		SolutionGuid = {0E5D10D8-4359-4001-B650-9708A979E35D}
	EndGlobalSection
EndGlobal
